
Microsoft Visual Studio Solution File, Format Version 12.00
# Visual Studio 15
VisualStudioVersion = 15.0.27729.1
MinimumVisualStudioVersion = 10.0.40219.1
Project("{FAE04EC0-301F-11D3-BF4B-00C04F79EFBC}") = "NonDeterministic", "NonDeterministic\NonDeterministic.csproj", "{37A5808A-012C-453B-9FEC-8EBC40C3DFC3}"
EndProject
Project("{FAE04EC0-301F-11D3-BF4B-00C04F79EFBC}") = "NonDeterministicTests", "NonDeterministicTests\NonDeterministicTests.csproj", "{D754898B-ACC2-42BD-8760-0DFEA92788D6}"
EndProject
Global
	GlobalSection(SolutionConfigurationPlatforms) = preSolution
		Debug|Any CPU = Debug|Any CPU
		Release|Any CPU = Release|Any CPU
	EndGlobalSection
	GlobalSection(ProjectConfigurationPlatforms) = postSolution
		{37A5808A-012C-453B-9FEC-8EBC40C3DFC3}.Debug|Any CPU.ActiveCfg = Debug|Any CPU
		{37A5808A-012C-453B-9FEC-8EBC40C3DFC3}.Debug|Any CPU.Build.0 = Debug|Any CPU
		{37A5808A-012C-453B-9FEC-8EBC40C3DFC3}.Release|Any CPU.ActiveCfg = Release|Any CPU
		{37A5808A-012C-453B-9FEC-8EBC40C3DFC3}.Release|Any CPU.Build.0 = Release|Any CPU
		{D754898B-ACC2-42BD-8760-0DFEA92788D6}.Debug|Any CPU.ActiveCfg = Debug|Any CPU
		{D754898B-ACC2-42BD-8760-0DFEA92788D6}.Debug|Any CPU.Build.0 = Debug|Any CPU
		{D754898B-ACC2-42BD-8760-0DFEA92788D6}.Release|Any CPU.ActiveCfg = Release|Any CPU
		{D754898B-ACC2-42BD-8760-0DFEA92788D6}.Release|Any CPU.Build.0 = Release|Any CPU
	EndGlobalSection
	GlobalSection(SolutionProperties) = preSolution
		HideSolutionNode = FALSE
	EndGlobalSection
	GlobalSection(ExtensibilityGlobals) = postSolution
		SolutionGuid = {6D374281-DE52-40D6-A275-A66E89FADC7D}
	EndGlobalSection
EndGlobal
