
Microsoft Visual Studio Solution File, Format Version 12.00
# Visual Studio 15
VisualStudioVersion = 15.0.27729.1
MinimumVisualStudioVersion = 10.0.40219.1
Project("{9A19103F-16F7-4668-BE54-9A1E7A4F7556}") = "IsolateDomainModels", "IsolateDomainModels\IsolateDomainModels.csproj", "{7F5569FF-DB5C-4873-A4BB-697DDFE6FF41}"
EndProject
Project("{9A19103F-16F7-4668-BE54-9A1E7A4F7556}") = "IsolateDomainModelsTests", "IsolateDomainModelsTests\IsolateDomainModelsTests.csproj", "{DD8017FC-1C74-40E1-9975-955E7807B48B}"
EndProject
Project("{FAE04EC0-301F-11D3-BF4B-00C04F79EFBC}") = "IsolateDomainModels.Core", "IsolateDomainModels.Core\IsolateDomainModels.Core.csproj", "{64A68A57-24E1-4D0B-8973-A56EB51A8725}"
EndProject
Global
	GlobalSection(SolutionConfigurationPlatforms) = preSolution
		Debug|Any CPU = Debug|Any CPU
		Release|Any CPU = Release|Any CPU
	EndGlobalSection
	GlobalSection(ProjectConfigurationPlatforms) = postSolution
		{7F5569FF-DB5C-4873-A4BB-697DDFE6FF41}.Debug|Any CPU.ActiveCfg = Debug|Any CPU
		{7F5569FF-DB5C-4873-A4BB-697DDFE6FF41}.Debug|Any CPU.Build.0 = Debug|Any CPU
		{7F5569FF-DB5C-4873-A4BB-697DDFE6FF41}.Release|Any CPU.ActiveCfg = Release|Any CPU
		{7F5569FF-DB5C-4873-A4BB-697DDFE6FF41}.Release|Any CPU.Build.0 = Release|Any CPU
		{DD8017FC-1C74-40E1-9975-955E7807B48B}.Debug|Any CPU.ActiveCfg = Debug|Any CPU
		{DD8017FC-1C74-40E1-9975-955E7807B48B}.Debug|Any CPU.Build.0 = Debug|Any CPU
		{DD8017FC-1C74-40E1-9975-955E7807B48B}.Release|Any CPU.ActiveCfg = Release|Any CPU
		{DD8017FC-1C74-40E1-9975-955E7807B48B}.Release|Any CPU.Build.0 = Release|Any CPU
		{64A68A57-24E1-4D0B-8973-A56EB51A8725}.Debug|Any CPU.ActiveCfg = Debug|Any CPU
		{64A68A57-24E1-4D0B-8973-A56EB51A8725}.Debug|Any CPU.Build.0 = Debug|Any CPU
		{64A68A57-24E1-4D0B-8973-A56EB51A8725}.Release|Any CPU.ActiveCfg = Release|Any CPU
		{64A68A57-24E1-4D0B-8973-A56EB51A8725}.Release|Any CPU.Build.0 = Release|Any CPU
	EndGlobalSection
	GlobalSection(SolutionProperties) = preSolution
		HideSolutionNode = FALSE
	EndGlobalSection
	GlobalSection(ExtensibilityGlobals) = postSolution
		SolutionGuid = {5B672ED9-71D6-469D-9DF9-DF4364538656}
	EndGlobalSection
EndGlobal
